{
  "lockfileVersion": 1,
  "configVersion": 1,
  "workspaces": {
    "": {
      "name": "@better-auth/sudo",
      "dependencies": {
        "@better-auth/utils": "^0.5.0",
        "zod": "^4.5.4",
      },
      "devDependencies": {
        "@better-fetch/fetch": "^1.3.1",
        "@types/node": "^24.13.3",
        "typescript": "^6.0.3",
      },
      "peerDependencies": {
        "@better-fetch/fetch": "^1.3.1",
        "better-auth": "^1.6.0",
      },
    },
  },
  "packages": {
    "@better-auth/core": ["@better-auth/core@1.6.0", "", { "dependencies": { "@opentelemetry/semantic-conventions": "^1.39.0", "@standard-schema/spec": "^1.1.0", "zod": "^4.3.6" }, "peerDependencies": { "@better-auth/utils": "0.4.0", "@better-fetch/fetch": "1.1.21", "@cloudflare/workers-types": ">=4", "@opentelemetry/api": "^1.9.0", "better-call": "1.3.5", "jose": "^6.1.0", "kysely": "^0.28.5", "nanostores": "^1.0.1" }, "optionalPeers": ["@cloudflare/workers-types"] }, "sha512-LmdPTyKRDn6iCcXBGlOHOyzpJl1W/3w64zrEbhhHaWmtdpzQWlY8awlWBoDTL9eL4TAusr9dDvwIbMYTvEqaeA=="],

    "@better-auth/drizzle-adapter": ["@better-auth/drizzle-adapter@1.6.0", "", { "peerDependencies": { "@better-auth/core": "^1.6.0", "@better-auth/utils": "0.4.0", "drizzle-orm": ">=0.41.0" }, "optionalPeers": ["drizzle-orm"] }, "sha512-iMgvZlrL4FI63CGaxLqE5rgA2Q9VVmc2fQIP7N5E79nGAEpHtztstHFPlen9RDLRJA4xa3wuyVaPSILylwE+LA=="],

    "@better-auth/kysely-adapter": ["@better-auth/kysely-adapter@1.6.0", "", { "peerDependencies": { "@better-auth/core": "^1.6.0", "@better-auth/utils": "0.4.0", "kysely": "^0.27.0 || ^0.28.0" }, "optionalPeers": ["kysely"] }, "sha512-ZLEp2j3jquX7wrPQ7tPOSRAjmMoHhdrsgkuH9Bp/fgNZV7M1eiwAY6fHRGKad6KIldoI+iazMUIm60v11fIHCg=="],

    "@better-auth/memory-adapter": ["@better-auth/memory-adapter@1.6.0", "", { "peerDependencies": { "@better-auth/core": "^1.6.0", "@better-auth/utils": "0.4.0" } }, "sha512-FbLmz6ujltw8RDUkBzutwIfoV+q9Mu0gLVrfhDAb9INe+jLcaQikiIjFdVwPzpx+bOs6bWTDfylrlI6+Ytxs3Q=="],

    "@better-auth/mongo-adapter": ["@better-auth/mongo-adapter@1.6.0", "", { "peerDependencies": { "@better-auth/core": "^1.6.0", "@better-auth/utils": "0.4.0", "mongodb": "^6.0.0 || ^7.0.0" }, "optionalPeers": ["mongodb"] }, "sha512-EYZwMpcpoaLRnfhEr+k+MTKS8SKi51TWh1b7bLSy+yHLL0PdbadFsGYZPgzLbZEaq4kUP0asMzXxA+blutjOQQ=="],

    "@better-auth/prisma-adapter": ["@better-auth/prisma-adapter@1.6.0", "", { "peerDependencies": { "@better-auth/core": "^1.6.0", "@better-auth/utils": "0.4.0", "@prisma/client": "^5.0.0 || ^6.0.0 || ^7.0.0", "prisma": "^5.0.0 || ^6.0.0 || ^7.0.0" }, "optionalPeers": ["@prisma/client", "prisma"] }, "sha512-8x/aqR1NckGiC49P02cxuH0wLzbJXvE/v2NnMEFo6h3uWq4ESYL0jTY9vNlFeVIKDyGSzrbteofzzG+yQv0wAQ=="],

    "@better-auth/telemetry": ["@better-auth/telemetry@1.6.0", "", { "peerDependencies": { "@better-auth/core": "^1.6.0", "@better-auth/utils": "0.4.0", "@better-fetch/fetch": "1.1.21" } }, "sha512-JrJyx1ioswEAh8rB7mVxEFIDLl6AK3W3rtqc2MK6BgvcmKveWJ730Eoi/PNvi0b4tFk4kczmuQITm69uMbnTvQ=="],

    "@better-auth/utils": ["@better-auth/utils@0.5.0", "", { "dependencies": { "@noble/hashes": "^2.0.1" } }, "sha512-BL8W4EfIZFwlu0r54m3v1ztjDhu6dDe/amLTm0xybmbZaNgYUqhD3SjpAsnq0q8YD6/ki4iwIgxJNLP/N3TxiA=="],

    "@better-fetch/fetch": ["@better-fetch/fetch@1.3.1", "", {}, "sha512-ABkD1WhyfPZprKRQI3bhATjeiFuNWC9PXhfGWqL+sg/gKrM977oFrYkdb4msM3hgUGonr7KlOsOFT5TU2rht9g=="],

    "@noble/ciphers": ["@noble/ciphers@2.4.0", "", {}, "sha512-AnjFn0Jv92laAkvMrghlFZq4qQCIN/4DxFV/eooqtC2YTjB7kBeLMS2T9KJX4Dn+ZVXLOwK0lSgqDtx9gvxtiw=="],

    "@noble/hashes": ["@noble/hashes@2.4.0", "", {}, "sha512-X5XaVWZIBCT7HHZGm5I7ZQXDwLG+bGXuSrMQAW+7Zvl87h1kmc1ZB1VSRJcpUfoUrGQp4Fkoxm5kZ+Ms+aW+eA=="],

    "@opentelemetry/api": ["@opentelemetry/api@1.9.1", "", {}, "sha512-gLyJlPHPZYdAk1JENA9LeHejZe1Ti77/pTeFm/nMXmQH/HFZlcS/O2XJB+L8fkbrNSqhdtlvjBVjxwUYanNH5Q=="],

    "@opentelemetry/semantic-conventions": ["@opentelemetry/semantic-conventions@1.43.0", "", {}, "sha512-eSYWTm620tTk45EKSedaUL8MFYI8hW164hIXsgIHyxu3VobUB3fFCu5t0hQby6OoWRPsG1KkKUG2M5UadiLiVg=="],

    "@standard-schema/spec": ["@standard-schema/spec@1.1.0", "", {}, "sha512-l2aFy5jALhniG5HgqrD6jXLi/rUWrKvqN/qJx6yoJsgKhblVd+iqqU4RCXavm/jPityDo5TCvKMnpjKnOriy0w=="],

    "@types/node": ["@types/node@24.13.3", "", { "dependencies": { "undici-types": "~7.18.0" } }, "sha512-Dh8vAsV36ig5wa9OX4pXvMc9D3Veibfw2wix0CUwYODLD8nkj9UsLjASr49nPg+2eKzxhBV+v7L8pXvT4e639Q=="],

    "better-auth": ["better-auth@1.6.0", "", { "dependencies": { "@better-auth/core": "1.6.0", "@better-auth/drizzle-adapter": "1.6.0", "@better-auth/kysely-adapter": "1.6.0", "@better-auth/memory-adapter": "1.6.0", "@better-auth/mongo-adapter": "1.6.0", "@better-auth/prisma-adapter": "1.6.0", "@better-auth/telemetry": "1.6.0", "@better-auth/utils": "0.4.0", "@better-fetch/fetch": "1.1.21", "@noble/ciphers": "^2.1.1", "@noble/hashes": "^2.0.1", "better-call": "1.3.5", "defu": "^6.1.4", "jose": "^6.1.3", "kysely": "^0.28.14", "nanostores": "^1.1.1", "zod": "^4.3.6" }, "peerDependencies": { "@lynx-js/react": "*", "@prisma/client": "^5.0.0 || ^6.0.0 || ^7.0.0", "@sveltejs/kit": "^2.0.0", "@tanstack/react-start": "^1.0.0", "@tanstack/solid-start": "^1.0.0", "better-sqlite3": "^12.0.0", "drizzle-kit": ">=0.31.4", "drizzle-orm": ">=0.41.0", "mongodb": "^6.0.0 || ^7.0.0", "mysql2": "^3.0.0", "next": "^14.0.0 || ^15.0.0 || ^16.0.0", "pg": "^8.0.0", "prisma": "^5.0.0 || ^6.0.0 || ^7.0.0", "react": "^18.0.0 || ^19.0.0", "react-dom": "^18.0.0 || ^19.0.0", "solid-js": "^1.0.0", "svelte": "^4.0.0 || ^5.0.0", "vitest": "^2.0.0 || ^3.0.0 || ^4.0.0", "vue": "^3.0.0" }, "optionalPeers": ["@lynx-js/react", "@prisma/client", "@sveltejs/kit", "@tanstack/react-start", "@tanstack/solid-start", "better-sqlite3", "drizzle-kit", "drizzle-orm", "mongodb", "mysql2", "next", "pg", "prisma", "react", "react-dom", "solid-js", "svelte", "vitest", "vue"] }, "sha512-reEK4X37w/X0Wi0ZpNSo6w3j9F2tsA7ebWn2AmWTzkceiatkxcadRg9aK+Mirw2PY56GQqX9dBgqBG6XMNU/Zg=="],

    "better-call": ["better-call@1.3.5", "", { "dependencies": { "@better-auth/utils": "^0.4.0", "@better-fetch/fetch": "^1.1.21", "rou3": "^0.7.12", "set-cookie-parser": "^3.0.1" }, "peerDependencies": { "zod": "^4.0.0" }, "optionalPeers": ["zod"] }, "sha512-kOFJkBP7utAQLEYrobZm3vkTH8mXq5GNgvjc5/XEST1ilVHaxXUXfeDeFlqoETMtyqS4+3/h4ONX2i++ebZrvA=="],

    "defu": ["defu@6.1.7", "", {}, "sha512-7z22QmUWiQ/2d0KkdYmANbRUVABpZ9SNYyH5vx6PZ+nE5bcC0l7uFvEfHlyld/HcGBFTL536ClDt3DEcSlEJAQ=="],

    "jose": ["jose@6.2.10", "", {}, "sha512-iiW7J9qRFlGxvCOIBDBDxFePQSn7ZMAnrYGhrrOo6siO/MIqwfyilLR27pkfDgUk+raLuzADS8A3S/KLBisc0g=="],

    "kysely": ["kysely@0.28.17", "", {}, "sha512-nbD8lB9EB3wNdMhOCdx5Li8DxnLbvKByylRLcJ1h+4SkrowVeECAyZlyiKMThF7xFdRz0jSQ2MoJr+wXux2y0Q=="],

    "nanostores": ["nanostores@1.5.3", "", {}, "sha512-rQLB6eV4f2AW/n3L0JmwCROpaisYy9EDEADvEFSd1C/qG8hB6O5TPlh9A791JRbJr4CnMQBzptDcvD9OR1+6WA=="],

    "rou3": ["rou3@0.7.12", "", {}, "sha512-iFE4hLDuloSWcD7mjdCDhx2bKcIsYbtOTpfH5MHHLSKMOUyjqQXTeZVa289uuwEGEKFoE/BAPbhaU4B774nceg=="],

    "set-cookie-parser": ["set-cookie-parser@3.1.2", "", {}, "sha512-5/r/lTwbJ3zQ+qwdUFZYeRNqda7P5HD8zQKqlSjdGt1/S0cjLAphHusj4Y58ahDtWn/g32xrIS58/ikOvwl0Lw=="],

    "typescript": ["typescript@6.0.3", "", { "bin": { "tsc": "bin/tsc", "tsserver": "bin/tsserver" } }, "sha512-y2TvuxSZPDyQakkFRPZHKFm+KKVqIisdg9/CZwm9ftvKXLP8NRWj38/ODjNbr43SsoXqNuAisEf1GdCxqWcdBw=="],

    "undici-types": ["undici-types@7.18.2", "", {}, "sha512-AsuCzffGHJybSaRrmr5eHr81mwJU3kjw6M+uprWvCXiNeN9SOGwQ3Jn8jb8m3Z6izVgknn1R0FTCEAP2QrLY/w=="],

    "zod": ["zod@4.5.4", "", {}, "sha512-sC95tT5iHHH9gtpj6A81kh+NEaRAUFN+qlUPDUbRfOMvNf5QCBqsb3WgvnpVtK5Y+4UfA6KqufotuTvMGiTlsA=="],

    "better-auth/@better-auth/utils": ["@better-auth/utils@0.4.0", "", { "dependencies": { "@noble/hashes": "^2.0.1" } }, "sha512-RpMtLUIQAEWMgdPLNVbIF5ON2mm+CH0U3rCdUCU1VyeAUui4m38DyK7/aXMLZov2YDjG684pS1D0MBllrmgjQA=="],

    "better-auth/@better-fetch/fetch": ["@better-fetch/fetch@1.1.21", "", {}, "sha512-/ImESw0sskqlVR94jB+5+Pxjf+xBwDZF/N5+y2/q4EqD7IARUTSpPfIo8uf39SYpCxyOCtbyYpUrZ3F/k0zT4A=="],

    "better-call/@better-auth/utils": ["@better-auth/utils@0.4.3", "", { "dependencies": { "@noble/hashes": "^2.0.1" } }, "sha512-/X4gRYJBwRuLFjjANVpTDJJkAhLD6Sf8SIBypQ+Q2kDW1MnCsyxUujJzdKYsp59i4c41+AaMtpY/WQAQumqtOA=="],
  }
}
